{
  "name": "firebase",
  "version": "1.0.0",
  "lockfileVersion": 1,
  "requires": true,
  "dependencies": {
    "bootstrap": {
      "version": "4.1.1",
      "resolved": "https://registry.npmjs.org/bootstrap/-/bootstrap-4.1.1.tgz",
      "integrity": "sha512-SpiDSOcbg4J/PjVSt4ny5eY6j74VbVSjROY4Fb/WIUXBV9cnb5luyR4KnPvNoXuGnBK1T+nJIWqRsvU3yP8Mcg=="
    },
    "google-libphonenumber": {
      "version": "3.1.5",
      "resolved": "https://registry.npmjs.org/google-libphonenumber/-/google-libphonenumber-3.1.5.tgz",
      "integrity": "sha512-HZKFABqjh7KKTPl3KAK+ncYpgW05bn39+jv4FvW8C+5VFsyVMrOyNmhNrThApyHtGIfkFlZnHQEvN45GzBoJrg=="
    },
    "intl-tel-input": {
      "version": "12.1.15",
      "resolved": "https://registry.npmjs.org/intl-tel-input/-/intl-tel-input-12.1.15.tgz",
      "integrity": "sha512-9TN9x6aGdO1eL6iGFpobuLU4UymZqjSnS9UnsOSi//LU3A8nkLOcokSYBYjak18Uu8OM59HsGYDd1jKmwRsskw=="
    },
    "jquery": {
      "version": "3.3.1",
      "resolved": "https://registry.npmjs.org/jquery/-/jquery-3.3.1.tgz",
      "integrity": "sha512-Ubldcmxp5np52/ENotGxlLe6aGMvmF4R8S6tZjsP6Knsaxd/xp3Zrh50cG93lR6nPXyUFwzN3ZSOQI0wRJNdGg=="
    }
  }
}
